
Microsoft Visual Studio Solution File, Format Version 12.00
# Visual Studio Version 17
VisualStudioVersion = 17.5.002.0
MinimumVisualStudioVersion = 10.0.40219.1
Project("{9A19103F-16F7-4668-BE54-9A1E7A4F7556}") = "C#", "C#.csproj", "{160E7ED8-B48F-4806-81E8-18D001E68DC5}"
EndProject
Global
	GlobalSection(SolutionConfigurationPlatforms) = preSolution
		Debug|Any CPU = Debug|Any CPU
		Release|Any CPU = Release|Any CPU
	EndGlobalSection
	GlobalSection(ProjectConfigurationPlatforms) = postSolution
		{160E7ED8-B48F-4806-81E8-18D001E68DC5}.Debug|Any CPU.ActiveCfg = Debug|Any CPU
		{160E7ED8-B48F-4806-81E8-18D001E68DC5}.Debug|Any CPU.Build.0 = Debug|Any CPU
		{160E7ED8-B48F-4806-81E8-18D001E68DC5}.Release|Any CPU.ActiveCfg = Release|Any CPU
		{160E7ED8-B48F-4806-81E8-18D001E68DC5}.Release|Any CPU.Build.0 = Release|Any CPU
	EndGlobalSection
	GlobalSection(SolutionProperties) = preSolution
		HideSolutionNode = FALSE
	EndGlobalSection
	GlobalSection(ExtensibilityGlobals) = postSolution
		SolutionGuid = {30B829FA-FFEC-4741-92EC-6BA341A70240}
	EndGlobalSection
EndGlobal
